// !$*UTF8*$!
{
	archiveVersion = 1;
	classes = {
	};
	objectVersion = 56;
	objects = {

/* Begin PBXBuildFile section */
		3817FF442B0C43DE00EADF16 /* Money.swift in Sources */ = {isa = PBXBuildFile; fileRef = 3817FF422B0C43DE00EADF16 /* Money.swift */; };
		3817FF452B0C43DE00EADF16 /* Banner.swift in Sources */ = {isa = PBXBuildFile; fileRef = 3817FF432B0C43DE00EADF16 /* Banner.swift */; };
		3817FF4A2B0C4A9300EADF16 /* OverlayView.swift in Sources */ = {isa = PBXBuildFile; fileRef = 3817FF492B0C4A9300EADF16 /* OverlayView.swift */; };
		3817FF4F2B0C4F6D00EADF16 /* UpbitAPI.swift in Sources */ = {isa = PBXBuildFile; fileRef = 3817FF4E2B0C4F6D00EADF16 /* UpbitAPI.swift */; };
		38D406522B0AFFED00B6F783 /* SwiftUICoinExchangeApp.swift in Sources */ = {isa = PBXBuildFile; fileRef = 38D406512B0AFFED00B6F783 /* SwiftUICoinExchangeApp.swift */; };
		38D406542B0AFFED00B6F783 /* WalletView.swift in Sources */ = {isa = PBXBuildFile; fileRef = 38D406532B0AFFED00B6F783 /* WalletView.swift */; };
		38D406562B0AFFEF00B6F783 /* Assets.xcassets in Resources */ = {isa = PBXBuildFile; fileRef = 38D406552B0AFFEF00B6F783 /* Assets.xcassets */; };
		38D406592B0AFFEF00B6F783 /* Preview Assets.xcassets in Resources */ = {isa = PBXBuildFile; fileRef = 38D406582B0AFFEF00B6F783 /* Preview Assets.xcassets */; };
		38D406602B0B009C00B6F783 /* .gitignore in Resources */ = {isa = PBXBuildFile; fileRef = 38D4065F2B0B009C00B6F783 /* .gitignore */; };
		38D406622B0B00B000B6F783 /* README.md in Resources */ = {isa = PBXBuildFile; fileRef = 38D406612B0B00B000B6F783 /* README.md */; };
/* End PBXBuildFile section */

/* Begin PBXFileReference section */
		3817FF422B0C43DE00EADF16 /* Money.swift */ = {isa = PBXFileReference; fileEncoding = 4; lastKnownFileType = sourcecode.swift; path = Money.swift; sourceTree = "<group>"; };
		3817FF432B0C43DE00EADF16 /* Banner.swift */ = {isa = PBXFileReference; fileEncoding = 4; lastKnownFileType = sourcecode.swift; path = Banner.swift; sourceTree = "<group>"; };
		3817FF492B0C4A9300EADF16 /* OverlayView.swift */ = {isa = PBXFileReference; lastKnownFileType = sourcecode.swift; path = OverlayView.swift; sourceTree = "<group>"; };
		3817FF4E2B0C4F6D00EADF16 /* UpbitAPI.swift */ = {isa = PBXFileReference; lastKnownFileType = sourcecode.swift; path = UpbitAPI.swift; sourceTree = "<group>"; };
		38D4064E2B0AFFED00B6F783 /* SwiftUICoinExchange.app */ = {isa = PBXFileReference; explicitFileType = wrapper.application; includeInIndex = 0; path = SwiftUICoinExchange.app; sourceTree = BUILT_PRODUCTS_DIR; };
		38D406512B0AFFED00B6F783 /* SwiftUICoinExchangeApp.swift */ = {isa = PBXFileReference; lastKnownFileType = sourcecode.swift; path = SwiftUICoinExchangeApp.swift; sourceTree = "<group>"; };
		38D406532B0AFFED00B6F783 /* WalletView.swift */ = {isa = PBXFileReference; lastKnownFileType = sourcecode.swift; path = WalletView.swift; sourceTree = "<group>"; };
		38D406552B0AFFEF00B6F783 /* Assets.xcassets */ = {isa = PBXFileReference; lastKnownFileType = folder.assetcatalog; path = Assets.xcassets; sourceTree = "<group>"; };
		38D406582B0AFFEF00B6F783 /* Preview Assets.xcassets */ = {isa = PBXFileReference; lastKnownFileType = folder.assetcatalog; path = "Preview Assets.xcassets"; sourceTree = "<group>"; };
		38D4065F2B0B009C00B6F783 /* .gitignore */ = {isa = PBXFileReference; lastKnownFileType = text; path = .gitignore; sourceTree = "<group>"; };
		38D406612B0B00B000B6F783 /* README.md */ = {isa = PBXFileReference; lastKnownFileType = net.daringfireball.markdown; path = README.md; sourceTree = "<group>"; };
/* End PBXFileReference section */

/* Begin PBXFrameworksBuildPhase section */
		38D4064B2B0AFFED00B6F783 /* Frameworks */ = {
			isa = PBXFrameworksBuildPhase;
			buildActionMask = 2147483647;
			files = (
			);
			runOnlyForDeploymentPostprocessing = 0;
		};
/* End PBXFrameworksBuildPhase section */

/* Begin PBXGroup section */
		3817FF462B0C43E700EADF16 /* Model */ = {
			isa = PBXGroup;
			children = (
				3817FF432B0C43DE00EADF16 /* Banner.swift */,
				3817FF422B0C43DE00EADF16 /* Money.swift */,
			);
			path = Model;
			sourceTree = "<group>";
		};
		3817FF4C2B0C4F3A00EADF16 /* 231121 */ = {
			isa = PBXGroup;
			children = (
				38D406532B0AFFED00B6F783 /* WalletView.swift */,
			);
			path = 231121;
			sourceTree = "<group>";
		};
		3817FF4D2B0C4F4400EADF16 /* Network */ = {
			isa = PBXGroup;
			children = (
				3817FF4E2B0C4F6D00EADF16 /* UpbitAPI.swift */,
			);
			path = Network;
			sourceTree = "<group>";
		};
		38D406452B0AFFED00B6F783 = {
			isa = PBXGroup;
			children = (
				38D406612B0B00B000B6F783 /* README.md */,
				38D4065F2B0B009C00B6F783 /* .gitignore */,
				38D406502B0AFFED00B6F783 /* SwiftUICoinExchange */,
				38D4064F2B0AFFED00B6F783 /* Products */,
			);
			sourceTree = "<group>";
		};
		38D4064F2B0AFFED00B6F783 /* Products */ = {
			isa = PBXGroup;
			children = (
				38D4064E2B0AFFED00B6F783 /* SwiftUICoinExchange.app */,
			);
			name = Products;
			sourceTree = "<group>";
		};
		38D406502B0AFFED00B6F783 /* SwiftUICoinExchange */ = {
			isa = PBXGroup;
			children = (
				38D406692B0B018200B6F783 /* Application */,
				38D406552B0AFFEF00B6F783 /* Assets.xcassets */,
				3817FF462B0C43E700EADF16 /* Model */,
				3817FF4D2B0C4F4400EADF16 /* Network */,
				38D406572B0AFFEF00B6F783 /* Preview Content */,
				38D406652B0B015D00B6F783 /* View */,
			);
			path = SwiftUICoinExchange;
			sourceTree = "<group>";
		};
		38D406572B0AFFEF00B6F783 /* Preview Content */ = {
			isa = PBXGroup;
			children = (
				38D406582B0AFFEF00B6F783 /* Preview Assets.xcassets */,
			);
			path = "Preview Content";
			sourceTree = "<group>";
		};
		38D406652B0B015D00B6F783 /* View */ = {
			isa = PBXGroup;
			children = (
				38D406672B0B016F00B6F783 /* Lectures */,
			);
			path = View;
			sourceTree = "<group>";
		};
		38D406672B0B016F00B6F783 /* Lectures */ = {
			isa = PBXGroup;
			children = (
				38D406682B0B017200B6F783 /* 231120 */,
				3817FF4C2B0C4F3A00EADF16 /* 231121 */,
			);
			path = Lectures;
			sourceTree = "<group>";
		};
		38D406682B0B017200B6F783 /* 231120 */ = {
			isa = PBXGroup;
			children = (
				3817FF492B0C4A9300EADF16 /* OverlayView.swift */,
			);
			path = 231120;
			sourceTree = "<group>";
		};
		38D406692B0B018200B6F783 /* Application */ = {
			isa = PBXGroup;
			children = (
				38D406512B0AFFED00B6F783 /* SwiftUICoinExchangeApp.swift */,
			);
			path = Application;
			sourceTree = "<group>";
		};
/* End PBXGroup section */

/* Begin PBXNativeTarget section */
		38D4064D2B0AFFED00B6F783 /* SwiftUICoinExchange */ = {
			isa = PBXNativeTarget;
			buildConfigurationList = 38D4065C2B0AFFEF00B6F783 /* Build configuration list for PBXNativeTarget "SwiftUICoinExchange" */;
			buildPhases = (
				38D4064A2B0AFFED00B6F783 /* Sources */,
				38D4064B2B0AFFED00B6F783 /* Frameworks */,
				38D4064C2B0AFFED00B6F783 /* Resources */,
			);
			buildRules = (
			);
			dependencies = (
			);
			name = SwiftUICoinExchange;
			productName = SwiftUICoinExchange;
			productReference = 38D4064E2B0AFFED00B6F783 /* SwiftUICoinExchange.app */;
			productType = "com.apple.product-type.application";
		};
/* End PBXNativeTarget section */

/* Begin PBXProject section */
		38D406462B0AFFED00B6F783 /* Project object */ = {
			isa = PBXProject;
			attributes = {
				BuildIndependentTargetsInParallel = 1;
				LastSwiftUpdateCheck = 1430;
				LastUpgradeCheck = 1500;
				TargetAttributes = {
					38D4064D2B0AFFED00B6F783 = {
						CreatedOnToolsVersion = 14.3.1;
					};
				};
			};
			buildConfigurationList = 38D406492B0AFFED00B6F783 /* Build configuration list for PBXProject "SwiftUICoinExchange" */;
			compatibilityVersion = "Xcode 14.0";
			developmentRegion = en;
			hasScannedForEncodings = 0;
			knownRegions = (
				en,
				Base,
			);
			mainGroup = 38D406452B0AFFED00B6F783;
			productRefGroup = 38D4064F2B0AFFED00B6F783 /* Products */;
			projectDirPath = "";
			projectRoot = "";
			targets = (
				38D4064D2B0AFFED00B6F783 /* SwiftUICoinExchange */,
			);
		};
/* End PBXProject section */

/* Begin PBXResourcesBuildPhase section */
		38D4064C2B0AFFED00B6F783 /* Resources */ = {
			isa = PBXResourcesBuildPhase;
			buildActionMask = 2147483647;
			files = (
				38D406592B0AFFEF00B6F783 /* Preview Assets.xcassets in Resources */,
				38D406602B0B009C00B6F783 /* .gitignore in Resources */,
				38D406622B0B00B000B6F783 /* README.md in Resources */,
				38D406562B0AFFEF00B6F783 /* Assets.xcassets in Resources */,
			);
			runOnlyForDeploymentPostprocessing = 0;
		};
/* End PBXResourcesBuildPhase section */

/* Begin PBXSourcesBuildPhase section */
		38D4064A2B0AFFED00B6F783 /* Sources */ = {
			isa = PBXSourcesBuildPhase;
			buildActionMask = 2147483647;
			files = (
				3817FF442B0C43DE00EADF16 /* Money.swift in Sources */,
				3817FF4F2B0C4F6D00EADF16 /* UpbitAPI.swift in Sources */,
				3817FF452B0C43DE00EADF16 /* Banner.swift in Sources */,
				38D406542B0AFFED00B6F783 /* WalletView.swift in Sources */,
				38D406522B0AFFED00B6F783 /* SwiftUICoinExchangeApp.swift in Sources */,
				3817FF4A2B0C4A9300EADF16 /* OverlayView.swift in Sources */,
			);
			runOnlyForDeploymentPostprocessing = 0;
		};
/* End PBXSourcesBuildPhase section */

/* Begin XCBuildConfiguration section */
		38D4065A2B0AFFEF00B6F783 /* Debug */ = {
			isa = XCBuildConfiguration;
			buildSettings = {
				ALWAYS_SEARCH_USER_PATHS = NO;
				CLANG_ANALYZER_NONNULL = YES;
				CLANG_ANALYZER_NUMBER_OBJECT_CONVERSION = YES_AGGRESSIVE;
				CLANG_CXX_LANGUAGE_STANDARD = "gnu++20";
				CLANG_ENABLE_MODULES = YES;
				CLANG_ENABLE_OBJC_ARC = YES;
				CLANG_ENABLE_OBJC_WEAK = YES;
				CLANG_WARN_BLOCK_CAPTURE_AUTORELEASING = YES;
				CLANG_WARN_BOOL_CONVERSION = YES;
				CLANG_WARN_COMMA = YES;
				CLANG_WARN_CONSTANT_CONVERSION = YES;
				CLANG_WARN_DEPRECATED_OBJC_IMPLEMENTATIONS = YES;
				CLANG_WARN_DIRECT_OBJC_ISA_USAGE = YES_ERROR;
				CLANG_WARN_DOCUMENTATION_COMMENTS = YES;
				CLANG_WARN_EMPTY_BODY = YES;
				CLANG_WARN_ENUM_CONVERSION = YES;
				CLANG_WARN_INFINITE_RECURSION = YES;
				CLANG_WARN_INT_CONVERSION = YES;
				CLANG_WARN_NON_LITERAL_NULL_CONVERSION = YES;
				CLANG_WARN_OBJC_IMPLICIT_RETAIN_SELF = YES;
				CLANG_WARN_OBJC_LITERAL_CONVERSION = YES;
				CLANG_WARN_OBJC_ROOT_CLASS = YES_ERROR;
				CLANG_WARN_QUOTED_INCLUDE_IN_FRAMEWORK_HEADER = YES;
				CLANG_WARN_RANGE_LOOP_ANALYSIS = YES;
				CLANG_WARN_STRICT_PROTOTYPES = YES;
				CLANG_WARN_SUSPICIOUS_MOVE = YES;
				CLANG_WARN_UNGUARDED_AVAILABILITY = YES_AGGRESSIVE;
				CLANG_WARN_UNREACHABLE_CODE = YES;
				CLANG_WARN__DUPLICATE_METHOD_MATCH = YES;
				COPY_PHASE_STRIP = NO;
				DEBUG_INFORMATION_FORMAT = dwarf;
				ENABLE_STRICT_OBJC_MSGSEND = YES;
				ENABLE_TESTABILITY = YES;
				ENABLE_USER_SCRIPT_SANDBOXING = YES;
				GCC_C_LANGUAGE_STANDARD = gnu11;
				GCC_DYNAMIC_NO_PIC = NO;
				GCC_NO_COMMON_BLOCKS = YES;
				GCC_OPTIMIZATION_LEVEL = 0;
				GCC_PREPROCESSOR_DEFINITIONS = (
					"DEBUG=1",
					"$(inherited)",
				);
				GCC_WARN_64_TO_32_BIT_CONVERSION = YES;
				GCC_WARN_ABOUT_RETURN_TYPE = YES_ERROR;
				GCC_WARN_UNDECLARED_SELECTOR = YES;
				GCC_WARN_UNINITIALIZED_AUTOS = YES_AGGRESSIVE;
				GCC_WARN_UNUSED_FUNCTION = YES;
				GCC_WARN_UNUSED_VARIABLE = YES;
				IPHONEOS_DEPLOYMENT_TARGET = 16.4;
				MTL_ENABLE_DEBUG_INFO = INCLUDE_SOURCE;
				MTL_FAST_MATH = YES;
				ONLY_ACTIVE_ARCH = YES;
				SDKROOT = iphoneos;
				SWIFT_ACTIVE_COMPILATION_CONDITIONS = DEBUG;
				SWIFT_OPTIMIZATION_LEVEL = "-Onone";
			};
			name = Debug;
		};
		38D4065B2B0AFFEF00B6F783 /* Release */ = {
			isa = XCBuildConfiguration;
			buildSettings = {
				ALWAYS_SEARCH_USER_PATHS = NO;
				CLANG_ANALYZER_NONNULL = YES;
				CLANG_ANALYZER_NUMBER_OBJECT_CONVERSION = YES_AGGRESSIVE;
				CLANG_CXX_LANGUAGE_STANDARD = "gnu++20";
				CLANG_ENABLE_MODULES = YES;
				CLANG_ENABLE_OBJC_ARC = YES;
				CLANG_ENABLE_OBJC_WEAK = YES;
				CLANG_WARN_BLOCK_CAPTURE_AUTORELEASING = YES;
				CLANG_WARN_BOOL_CONVERSION = YES;
				CLANG_WARN_COMMA = YES;
				CLANG_WARN_CONSTANT_CONVERSION = YES;
				CLANG_WARN_DEPRECATED_OBJC_IMPLEMENTATIONS = YES;
				CLANG_WARN_DIRECT_OBJC_ISA_USAGE = YES_ERROR;
				CLANG_WARN_DOCUMENTATION_COMMENTS = YES;
				CLANG_WARN_EMPTY_BODY = YES;
				CLANG_WARN_ENUM_CONVERSION = YES;
				CLANG_WARN_INFINITE_RECURSION = YES;
				CLANG_WARN_INT_CONVERSION = YES;
				CLANG_WARN_NON_LITERAL_NULL_CONVERSION = YES;
				CLANG_WARN_OBJC_IMPLICIT_RETAIN_SELF = YES;
				CLANG_WARN_OBJC_LITERAL_CONVERSION = YES;
				CLANG_WARN_OBJC_ROOT_CLASS = YES_ERROR;
				CLANG_WARN_QUOTED_INCLUDE_IN_FRAMEWORK_HEADER = YES;
				CLANG_WARN_RANGE_LOOP_ANALYSIS = YES;
				CLANG_WARN_STRICT_PROTOTYPES = YES;
				CLANG_WARN_SUSPICIOUS_MOVE = YES;
				CLANG_WARN_UNGUARDED_AVAILABILITY = YES_AGGRESSIVE;
				CLANG_WARN_UNREACHABLE_CODE = YES;
				CLANG_WARN__DUPLICATE_METHOD_MATCH = YES;
				COPY_PHASE_STRIP = NO;
				DEBUG_INFORMATION_FORMAT = "dwarf-with-dsym";
				ENABLE_NS_ASSERTIONS = NO;
				ENABLE_STRICT_OBJC_MSGSEND = YES;
				ENABLE_USER_SCRIPT_SANDBOXING = YES;
				GCC_C_LANGUAGE_STANDARD = gnu11;
				GCC_NO_COMMON_BLOCKS = YES;
				GCC_WARN_64_TO_32_BIT_CONVERSION = YES;
				GCC_WARN_ABOUT_RETURN_TYPE = YES_ERROR;
				GCC_WARN_UNDECLARED_SELECTOR = YES;
				GCC_WARN_UNINITIALIZED_AUTOS = YES_AGGRESSIVE;
				GCC_WARN_UNUSED_FUNCTION = YES;
				GCC_WARN_UNUSED_VARIABLE = YES;
				IPHONEOS_DEPLOYMENT_TARGET = 16.4;
				MTL_ENABLE_DEBUG_INFO = NO;
				MTL_FAST_MATH = YES;
				SDKROOT = iphoneos;
				SWIFT_COMPILATION_MODE = wholemodule;
				SWIFT_OPTIMIZATION_LEVEL = "-O";
				VALIDATE_PRODUCT = YES;
			};
			name = Release;
		};
		38D4065D2B0AFFEF00B6F783 /* Debug */ = {
			isa = XCBuildConfiguration;
			buildSettings = {
				ASSETCATALOG_COMPILER_APPICON_NAME = AppIcon;
				ASSETCATALOG_COMPILER_GLOBAL_ACCENT_COLOR_NAME = AccentColor;
				CODE_SIGN_STYLE = Automatic;
				CURRENT_PROJECT_VERSION = 1;
				DEVELOPMENT_ASSET_PATHS = "\"SwiftUICoinExchange/Preview Content\"";
				DEVELOPMENT_TEAM = 3UNP2C529F;
				ENABLE_PREVIEWS = YES;
				GENERATE_INFOPLIST_FILE = YES;
				INFOPLIST_KEY_UIApplicationSceneManifest_Generation = YES;
				INFOPLIST_KEY_UIApplicationSupportsIndirectInputEvents = YES;
				INFOPLIST_KEY_UILaunchScreen_Generation = YES;
				INFOPLIST_KEY_UISupportedInterfaceOrientations = UIInterfaceOrientationPortrait;
				INFOPLIST_KEY_UISupportedInterfaceOrientations_iPad = "UIInterfaceOrientationLandscapeLeft UIInterfaceOrientationLandscapeRight UIInterfaceOrientationPortrait UIInterfaceOrientationPortraitUpsideDown";
				IPHONEOS_DEPLOYMENT_TARGET = 17.0;
				LD_RUNPATH_SEARCH_PATHS = (
					"$(inherited)",
					"@executable_path/Frameworks",
				);
				MARKETING_VERSION = 1.0;
				PRODUCT_BUNDLE_IDENTIFIER = com.andyarchive.SwiftUICoinExchange;
				PRODUCT_NAME = "$(TARGET_NAME)";
				SUPPORTED_PLATFORMS = "iphoneos iphonesimulator";
				SUPPORTS_MACCATALYST = NO;
				SUPPORTS_MAC_DESIGNED_FOR_IPHONE_IPAD = NO;
				SWIFT_EMIT_LOC_STRINGS = YES;
				SWIFT_VERSION = 5.0;
				TARGETED_DEVICE_FAMILY = 1;
			};
			name = Debug;
		};
		38D4065E2B0AFFEF00B6F783 /* Release */ = {
			isa = XCBuildConfiguration;
			buildSettings = {
				ASSETCATALOG_COMPILER_APPICON_NAME = AppIcon;
				ASSETCATALOG_COMPILER_GLOBAL_ACCENT_COLOR_NAME = AccentColor;
				CODE_SIGN_STYLE = Automatic;
				CURRENT_PROJECT_VERSION = 1;
				DEVELOPMENT_ASSET_PATHS = "\"SwiftUICoinExchange/Preview Content\"";
				DEVELOPMENT_TEAM = 3UNP2C529F;
				ENABLE_PREVIEWS = YES;
				GENERATE_INFOPLIST_FILE = YES;
				INFOPLIST_KEY_UIApplicationSceneManifest_Generation = YES;
				INFOPLIST_KEY_UIApplicationSupportsIndirectInputEvents = YES;
				INFOPLIST_KEY_UILaunchScreen_Generation = YES;
				INFOPLIST_KEY_UISupportedInterfaceOrientations = UIInterfaceOrientationPortrait;
				INFOPLIST_KEY_UISupportedInterfaceOrientations_iPad = "UIInterfaceOrientationLandscapeLeft UIInterfaceOrientationLandscapeRight UIInterfaceOrientationPortrait UIInterfaceOrientationPortraitUpsideDown";
				IPHONEOS_DEPLOYMENT_TARGET = 17.0;
				LD_RUNPATH_SEARCH_PATHS = (
					"$(inherited)",
					"@executable_path/Frameworks",
				);
				MARKETING_VERSION = 1.0;
				PRODUCT_BUNDLE_IDENTIFIER = com.andyarchive.SwiftUICoinExchange;
				PRODUCT_NAME = "$(TARGET_NAME)";
				SUPPORTED_PLATFORMS = "iphoneos iphonesimulator";
				SUPPORTS_MACCATALYST = NO;
				SUPPORTS_MAC_DESIGNED_FOR_IPHONE_IPAD = NO;
				SWIFT_EMIT_LOC_STRINGS = YES;
				SWIFT_VERSION = 5.0;
				TARGETED_DEVICE_FAMILY = 1;
			};
			name = Release;
		};
/* End XCBuildConfiguration section */

/* Begin XCConfigurationList section */
		38D406492B0AFFED00B6F783 /* Build configuration list for PBXProject "SwiftUICoinExchange" */ = {
			isa = XCConfigurationList;
			buildConfigurations = (
				38D4065A2B0AFFEF00B6F783 /* Debug */,
				38D4065B2B0AFFEF00B6F783 /* Release */,
			);
			defaultConfigurationIsVisible = 0;
			defaultConfigurationName = Release;
		};
		38D4065C2B0AFFEF00B6F783 /* Build configuration list for PBXNativeTarget "SwiftUICoinExchange" */ = {
			isa = XCConfigurationList;
			buildConfigurations = (
				38D4065D2B0AFFEF00B6F783 /* Debug */,
				38D4065E2B0AFFEF00B6F783 /* Release */,
			);
			defaultConfigurationIsVisible = 0;
			defaultConfigurationName = Release;
		};
/* End XCConfigurationList section */
	};
	rootObject = 38D406462B0AFFED00B6F783 /* Project object */;
}
